<?xml version="1.0" encoding="UTF-8" standalone="yes" ?>
<CodeBlocks_project_file>
	<FileVersion major="1" minor="6" />
	<Project>
		<Option title="RougePG" />
		<Option pch_mode="2" />
		<Option compiler="gcc" />
		<Build>
			<Target title="Debug">
				<Option output="bin/Debug/RoguePG" prefix_auto="1" extension_auto="1" />
				<Option object_output="obj/Debug/" />
				<Option type="1" />
				<Option compiler="gcc" />
				<Compiler>
					<Add option="-std=c++11" />
					<Add option="-g" />
					<Add option="-DDEBUG_FLAG" />
					<Add directory="include" />
					<Add directory="include/SceneManager" />
					<Add directory="include/Battle" />
					<Add directory="include/Controller" />
				</Compiler>
			</Target>
			<Target title="Release">
				<Option output="bin/Release/RoguePG" prefix_auto="1" extension_auto="1" />
				<Option object_output="obj/Release/" />
				<Option type="0" />
				<Option compiler="gcc" />
				<Compiler>
					<Add option="-O2" />
					<Add option="-std=c++11" />
					<Add option="-m64" />
					<Add directory="include" />
					<Add directory="include/SceneManager" />
					<Add directory="include/Battle" />
					<Add directory="include/Controller" />
				</Compiler>
				<Linker>
					<Add option="-m64" />
				</Linker>
			</Target>
		</Build>
		<Compiler>
			<Add option="-Wall" />
			<Add directory="SFML-2.3.2/include" />
			<Add directory="include" />
		</Compiler>
		<Linker>
			<Add library="sfml-graphics" />
			<Add library="sfml-window" />
			<Add library="sfml-system" />
			<Add library="sfml-audio" />
			<Add directory="SFML-2.3.2/build/lib" />
		</Linker>
		<Unit filename="include/AI/AIBase.h" />
		<Unit filename="include/AI/AIRandom.h" />
		<Unit filename="include/BattleAnimation/Animation.h" />
		<Unit filename="include/BattleAnimation/AnimationFactory.h" />
		<Unit filename="include/BattleAnimation/AnimationPart.h" />
		<Unit filename="include/BattleAnimation/AnimationPartSprite.h" />
		<Unit filename="include/BattleAnimation/AnimationPartText.h" />
		<Unit filename="include/BattleAnimation/AnimationPartWithNode.h" />
		<Unit filename="include/Battle/Attack.h" />
		<Unit filename="include/Battle/Effect.h" />
		<Unit filename="include/Battle/EffectBase.h" />
		<Unit filename="include/Battle/EffectFactory.h" />
		<Unit filename="include/Battle/EffectFactoryBase.h" />
		<Unit filename="include/Battle/EffectFactoryList.h" />
		<Unit filename="include/Battle/EffectFactoryPassive.h" />
		<Unit filename="include/Battle/EffectPassive.h" />
		<Unit filename="include/Battle/EnemyFactory.h" />
		<Unit filename="include/Battle/Entity.h" />
		<Unit filename="include/Battle/IPassiveEffect.h" />
		<Unit filename="include/Battle/PassiveEffect.h" />
		<Unit filename="include/Battle/PassiveSkill.h" />
		<Unit filename="include/Battle/Skill.h" />
		<Unit filename="include/Battle/SkillGenerator.h" />
		<Unit filename="include/Battle/StrengthCalculation.h" />
		<Unit filename="include/Controller/Configuration.h" />
		<Unit filename="include/Controller/Enums.h" />
		<Unit filename="include/Controller/FileConfig.h" />
		<Unit filename="include/Controller/GameController.h" />
		<Unit filename="include/Controller/Localization.h" />
		<Unit filename="include/Controller/MathHelper.h" />
		<Unit filename="include/Controller/MusicController.h" />
		<Unit filename="include/Controller/NameGenerator.h" />
		<Unit filename="include/Controller/NamedItem.h" />
		<Unit filename="include/Controller/ShaderList.h" />
		<Unit filename="include/Controller/SoundController.h" />
		<Unit filename="include/Exception/GenericException.h" />
		<Unit filename="include/Exception/InvalidArgumentException.h" />
		<Unit filename="include/Exception/InvalidFunctionException.h" />
		<Unit filename="include/MapGeneration/DungeonConfiguration.h" />
		<Unit filename="include/MapGeneration/FillItem.h" />
		<Unit filename="include/MapGeneration/Map.h" />
		<Unit filename="include/MapGeneration/MapEvent.h" />
		<Unit filename="include/MapGeneration/MapEventChest.h" />
		<Unit filename="include/MapGeneration/MapEventDungeonEntrance.h" />
		<Unit filename="include/MapGeneration/MapEventEnemy.h" />
		<Unit filename="include/MapGeneration/MapEventHero.h" />
		<Unit filename="include/MapGeneration/MapEventShop.h" />
		<Unit filename="include/MapGeneration/MapEventStairs.h" />
		<Unit filename="include/MapGeneration/MapEventTile.h" />
		<Unit filename="include/MapGeneration/MapFill.h" />
		<Unit filename="include/MapGeneration/MapFillDungeon.h" />
		<Unit filename="include/MapGeneration/MapFillDungeon2.h" />
		<Unit filename="include/MapGeneration/MapFillVillage.h" />
		<Unit filename="include/MapGeneration/MapGeneratorDungeon.h" />
		<Unit filename="include/MapGeneration/MapGeneratorUtil.h" />
		<Unit filename="include/MapGeneration/MapGeneratorVillage.h" />
		<Unit filename="include/MapGeneration/MapRoom.h" />
		<Unit filename="include/MapGeneration/TileMap.h" />
		<Unit filename="include/Party/CharacterClass.h" />
		<Unit filename="include/Party/Equipment.h" />
		<Unit filename="include/Party/Item.h" />
		<Unit filename="include/Party/ItemFactory.h" />
		<Unit filename="include/Party/Party.h" />
		<Unit filename="include/Party/PartyMember.h" />
		<Unit filename="include/SceneGraph/AnimatedNode.h" />
		<Unit filename="include/SceneGraph/DrawableNode.h" />
		<Unit filename="include/SceneGraph/EntityBarsNode.h" />
		<Unit filename="include/SceneGraph/EntityNode.h" />
		<Unit filename="include/SceneGraph/MenuNode.h" />
		<Unit filename="include/SceneGraph/MenuNodeItems.h" />
		<Unit filename="include/SceneGraph/Node.h" />
		<Unit filename="include/SceneGraph/TextNode.h" />
		<Unit filename="include/SceneGraph/Texture.h" />
		<Unit filename="include/SceneGraph/TextureList.h" />
		<Unit filename="include/SceneManager/AttributeNodesDisplay.h" />
		<Unit filename="include/SceneManager/SceneManager.h" />
		<Unit filename="include/SceneManager/SceneManagerBattle.h" />
		<Unit filename="include/SceneManager/SceneManagerDungeon.h" />
		<Unit filename="include/SceneManager/SceneManagerEquipment.h" />
		<Unit filename="include/SceneManager/SceneManagerGameMenu.h" />
		<Unit filename="include/SceneManager/SceneManagerGameOver.h" />
		<Unit filename="include/SceneManager/SceneManagerMainMenu.h" />
		<Unit filename="include/SceneManager/SceneManagerMessage.h" />
		<Unit filename="include/SceneManager/SceneManagerMoveable.h" />
		<Unit filename="include/SceneManager/SceneManagerOptions.h" />
		<Unit filename="include/SceneManager/SceneManagerStatus.h" />
		<Unit filename="include/SceneManager/SceneManagerVillage.h" />
		<Unit filename="main.cpp" />
		<Unit filename="src/AI/AIBase.cpp" />
		<Unit filename="src/AI/AIRandom.cpp" />
		<Unit filename="src/BattleAnimation/Animation.cpp" />
		<Unit filename="src/BattleAnimation/AnimationFactory.cpp" />
		<Unit filename="src/BattleAnimation/AnimationPart.cpp" />
		<Unit filename="src/BattleAnimation/AnimationPartSprite.cpp" />
		<Unit filename="src/BattleAnimation/AnimationPartText.cpp" />
		<Unit filename="src/BattleAnimation/AnimationPartWithNode.cpp" />
		<Unit filename="src/Battle/Attack.cpp" />
		<Unit filename="src/Battle/Configuration.cpp" />
		<Unit filename="src/Battle/Effect.cpp" />
		<Unit filename="src/Battle/EffectBase.cpp" />
		<Unit filename="src/Battle/EffectFactory.cpp" />
		<Unit filename="src/Battle/EffectFactoryBase.cpp" />
		<Unit filename="src/Battle/EffectFactoryList.cpp" />
		<Unit filename="src/Battle/EffectFactoryPassive.cpp" />
		<Unit filename="src/Battle/EffectPassive.cpp" />
		<Unit filename="src/Battle/EnemyFactory.cpp" />
		<Unit filename="src/Battle/Entity.cpp" />
		<Unit filename="src/Battle/FileConfig.cpp" />
		<Unit filename="src/Battle/GameController.cpp" />
		<Unit filename="src/Battle/IPassiveEffect.cpp" />
		<Unit filename="src/Battle/Localization.cpp" />
		<Unit filename="src/Battle/MathHelper.cpp" />
		<Unit filename="src/Battle/MusicController.cpp" />
		<Unit filename="src/Battle/NameGenerator.cpp" />
		<Unit filename="src/Battle/PassiveEffect.cpp" />
		<Unit filename="src/Battle/PassiveSkill.cpp" />
		<Unit filename="src/Battle/ShaderList.cpp" />
		<Unit filename="src/Battle/Skill.cpp" />
		<Unit filename="src/Battle/SkillGenerator.cpp" />
		<Unit filename="src/Battle/SoundController.cpp" />
		<Unit filename="src/Battle/StrengthCalculation.cpp" />
		<Unit filename="src/Controller/NamedItem.cpp" />
		<Unit filename="src/Exception/GenericException.cpp" />
		<Unit filename="src/Exception/InvalidArgumentException.cpp" />
		<Unit filename="src/Exception/InvalidFunctionException.cpp" />
		<Unit filename="src/MapGeneration/DungeonConfiguration.cpp" />
		<Unit filename="src/MapGeneration/FillItem.cpp" />
		<Unit filename="src/MapGeneration/Map.cpp" />
		<Unit filename="src/MapGeneration/MapEvent.cpp" />
		<Unit filename="src/MapGeneration/MapEventChest.cpp" />
		<Unit filename="src/MapGeneration/MapEventDungeonEntrance.cpp" />
		<Unit filename="src/MapGeneration/MapEventEnemy.cpp" />
		<Unit filename="src/MapGeneration/MapEventHero.cpp" />
		<Unit filename="src/MapGeneration/MapEventShop.cpp" />
		<Unit filename="src/MapGeneration/MapEventStairs.cpp" />
		<Unit filename="src/MapGeneration/MapEventTile.cpp" />
		<Unit filename="src/MapGeneration/MapFill.cpp" />
		<Unit filename="src/MapGeneration/MapFillDungeon.cpp" />
		<Unit filename="src/MapGeneration/MapFillDungeon2.cpp" />
		<Unit filename="src/MapGeneration/MapFillVillage.cpp" />
		<Unit filename="src/MapGeneration/MapGeneratorDungeon.cpp" />
		<Unit filename="src/MapGeneration/MapGeneratorUtil.cpp" />
		<Unit filename="src/MapGeneration/MapGeneratorVillage.cpp" />
		<Unit filename="src/MapGeneration/MapRoom.cpp" />
		<Unit filename="src/MapGeneration/TileMap.cpp" />
		<Unit filename="src/Party/CharacterClass.cpp" />
		<Unit filename="src/Party/Equipment.cpp" />
		<Unit filename="src/Party/Item.cpp" />
		<Unit filename="src/Party/ItemFactory.cpp" />
		<Unit filename="src/Party/Party.cpp" />
		<Unit filename="src/Party/PartyMember.cpp" />
		<Unit filename="src/SceneGraph/AnimatedNode.cpp" />
		<Unit filename="src/SceneGraph/DrawableNode.cpp" />
		<Unit filename="src/SceneGraph/EntityBarsNode.cpp" />
		<Unit filename="src/SceneGraph/EntityNode.cpp" />
		<Unit filename="src/SceneGraph/MenuNode.cpp" />
		<Unit filename="src/SceneGraph/MenuNodeItems.tpp" />
		<Unit filename="src/SceneGraph/Node.cpp" />
		<Unit filename="src/SceneGraph/TextNode.cpp" />
		<Unit filename="src/SceneGraph/Texture.cpp" />
		<Unit filename="src/SceneGraph/TextureList.cpp" />
		<Unit filename="src/SceneManager/AttributeNodesDisplay.cpp" />
		<Unit filename="src/SceneManager/SceneManager.cpp" />
		<Unit filename="src/SceneManager/SceneManagerBattle.cpp" />
		<Unit filename="src/SceneManager/SceneManagerDungeon.cpp" />
		<Unit filename="src/SceneManager/SceneManagerEquipment.cpp" />
		<Unit filename="src/SceneManager/SceneManagerGameMenu.cpp" />
		<Unit filename="src/SceneManager/SceneManagerGameOver.cpp" />
		<Unit filename="src/SceneManager/SceneManagerMainMenu.cpp" />
		<Unit filename="src/SceneManager/SceneManagerMessage.cpp" />
		<Unit filename="src/SceneManager/SceneManagerMoveable.cpp" />
		<Unit filename="src/SceneManager/SceneManagerOptions.cpp" />
		<Unit filename="src/SceneManager/SceneManagerStatus.cpp" />
		<Unit filename="src/SceneManager/SceneManagerVillage.cpp" />
		<Extensions>
			<code_completion />
			<envvars />
			<debugger />
			<lib_finder disable_auto="1" />
		</Extensions>
	</Project>
</CodeBlocks_project_file>
