<?xml version="1.0" encoding="UTF-8" standalone="yes" ?>
<CodeBlocks_project_file>
	<FileVersion major="1" minor="6" />
	<Project>
		<Option title="RougePG" />
		<Option pch_mode="2" />
		<Option compiler="gcc" />
		<Build>
			<Target title="Debug">
				<Option output="bin/Debug/RougePG" prefix_auto="1" extension_auto="1" />
				<Option object_output="obj/Debug/" />
				<Option type="1" />
				<Option compiler="gcc" />
				<Compiler>
					<Add option="-std=c++11" />
					<Add option="-g" />
					<Add directory="include" />
				</Compiler>
			</Target>
			<Target title="Release">
				<Option output="bin/Release/RougePG" prefix_auto="1" extension_auto="1" />
				<Option object_output="obj/Release/" />
				<Option type="1" />
				<Option compiler="gcc" />
				<Compiler>
					<Add option="-O2" />
					<Add directory="include" />
				</Compiler>
				<Linker>
					<Add option="-s" />
				</Linker>
			</Target>
		</Build>
		<Compiler>
			<Add option="-Wall" />
			<Add directory="SFML-2.3.2/include" />
			<Add directory="include" />
		</Compiler>
		<Linker>
			<Add library="sfml-graphics" />
			<Add library="sfml-window" />
			<Add library="sfml-system" />
			<Add directory="SFML-2.3.2/build/lib" />
		</Linker>
		<Unit filename="include/AIBase.h" />
		<Unit filename="include/AIRandom.h" />
		<Unit filename="include/AnimatedNode.h" />
		<Unit filename="include/Animation.h" />
		<Unit filename="include/AnimationFactory.h" />
		<Unit filename="include/AnimationPart.h" />
		<Unit filename="include/AnimationPartSprite.h" />
		<Unit filename="include/Attack.h" />
		<Unit filename="include/CharacterClass.h" />
		<Unit filename="include/Configuration.h" />
		<Unit filename="include/DrawableNode.h" />
		<Unit filename="include/Effect.h" />
		<Unit filename="include/EffectFactory.h" />
		<Unit filename="include/EffectFactoryList.h" />
		<Unit filename="include/EnemyFactory.h" />
		<Unit filename="include/Entity.h" />
		<Unit filename="include/EntityBarsNode.h" />
		<Unit filename="include/EntityNode.h" />
		<Unit filename="include/Enums.h" />
		<Unit filename="include/Equipment.h" />
		<Unit filename="include/FillItem.h" />
		<Unit filename="include/GameController.h" />
		<Unit filename="include/GenericException.h" />
		<Unit filename="include/IPassiveEffect.h" />
		<Unit filename="include/InvalidArgumentException.h" />
		<Unit filename="include/Item.h" />
		<Unit filename="include/ItemFactory.h" />
		<Unit filename="include/Localization.h" />
		<Unit filename="include/Map.h" />
		<Unit filename="include/MapFill.h" />
		<Unit filename="include/MapFillDungeon.h" />
		<Unit filename="include/MapGenerator.h" />
		<Unit filename="include/MapGeneratorUtil.h" />
		<Unit filename="include/MapRoom.h" />
		<Unit filename="include/MenuNode.h" />
		<Unit filename="include/Node.h" />
		<Unit filename="include/Party.h" />
		<Unit filename="include/PartyMember.h" />
		<Unit filename="include/PassiveEffect.h" />
		<Unit filename="include/SceneManager.h" />
		<Unit filename="include/SceneManagerBattle.h" />
		<Unit filename="include/SceneManagerDungeon.h" />
		<Unit filename="include/SceneManagerGameMenu.h" />
		<Unit filename="include/SceneManagerGameOver.h" />
		<Unit filename="include/SceneManagerMoveable.h" />
		<Unit filename="include/ShaderList.h" />
		<Unit filename="include/Skill.h" />
		<Unit filename="include/SkillGenerator.h" />
		<Unit filename="include/StrengthCalculation.h" />
		<Unit filename="include/Texture.h" />
		<Unit filename="include/TextureList.h" />
		<Unit filename="include/TileMap.h" />
		<Unit filename="main.cpp" />
		<Unit filename="src/AIBase.cpp" />
		<Unit filename="src/AIRandom.cpp" />
		<Unit filename="src/AnimatedNode.cpp" />
		<Unit filename="src/Animation.cpp" />
		<Unit filename="src/AnimationFactory.cpp" />
		<Unit filename="src/AnimationPart.cpp" />
		<Unit filename="src/AnimationPartSprite.cpp" />
		<Unit filename="src/Attack.cpp" />
		<Unit filename="src/CharacterClass.cpp" />
		<Unit filename="src/Configuration.cpp" />
		<Unit filename="src/DrawableNode.cpp" />
		<Unit filename="src/Effect.cpp" />
		<Unit filename="src/EffectFactory.cpp" />
		<Unit filename="src/EffectFactoryList.cpp" />
		<Unit filename="src/EnemyFactory.cpp" />
		<Unit filename="src/Entity.cpp" />
		<Unit filename="src/EntityBarsNode.cpp" />
		<Unit filename="src/EntityNode.cpp" />
		<Unit filename="src/Equipment.cpp" />
		<Unit filename="src/FillItem.cpp" />
		<Unit filename="src/GameController.cpp" />
		<Unit filename="src/GenericException.cpp" />
		<Unit filename="src/IPassiveEffect.cpp" />
		<Unit filename="src/InvalidArgumentException.cpp" />
		<Unit filename="src/Item.cpp" />
		<Unit filename="src/ItemFactory.cpp" />
		<Unit filename="src/Localization.cpp" />
		<Unit filename="src/Map.cpp" />
		<Unit filename="src/MapFill.cpp" />
		<Unit filename="src/MapFillDungeon.cpp" />
		<Unit filename="src/MapGenerator.cpp" />
		<Unit filename="src/MapGeneratorUtil.cpp" />
		<Unit filename="src/MapRoom.cpp" />
		<Unit filename="src/MenuNode.cpp" />
		<Unit filename="src/Node.cpp" />
		<Unit filename="src/Party.cpp" />
		<Unit filename="src/PartyMember.cpp" />
		<Unit filename="src/PassiveEffect.cpp" />
		<Unit filename="src/SceneManager.cpp" />
		<Unit filename="src/SceneManagerBattle.cpp" />
		<Unit filename="src/SceneManagerDungeon.cpp" />
		<Unit filename="src/SceneManagerGameMenu.cpp" />
		<Unit filename="src/SceneManagerGameOver.cpp" />
		<Unit filename="src/SceneManagerMoveable.cpp" />
		<Unit filename="src/ShaderList.cpp" />
		<Unit filename="src/Skill.cpp" />
		<Unit filename="src/SkillGenerator.cpp" />
		<Unit filename="src/StrengthCalculation.cpp" />
		<Unit filename="src/Texture.cpp" />
		<Unit filename="src/TextureList.cpp" />
		<Unit filename="src/TileMap.cpp" />
		<Extensions>
			<code_completion />
			<envvars />
			<debugger />
			<lib_finder disable_auto="1" />
		</Extensions>
	</Project>
</CodeBlocks_project_file>
